
Microsoft Visual Studio Solution File, Format Version 12.00
# Visual Studio 14
VisualStudioVersion = 14.0.25420.1
MinimumVisualStudioVersion = 10.0.40219.1
Project("{FAE04EC0-301F-11D3-BF4B-00C04F79EFBC}") = "CompInstitute", "CompInstitute\CompInstitute.csproj", "{CF5F3FD6-6964-4F20-ACE9-7CF41C24735A}"
EndProject
Project("{FAE04EC0-301F-11D3-BF4B-00C04F79EFBC}") = "CompInstitute.Tests", "CompInstitute.Tests\CompInstitute.Tests.csproj", "{1C1190CC-EDF1-4B62-AA19-B61D8880EFBF}"
EndProject
Global
	GlobalSection(SolutionConfigurationPlatforms) = preSolution
		Debug|Any CPU = Debug|Any CPU
		Release|Any CPU = Release|Any CPU
	EndGlobalSection
	GlobalSection(ProjectConfigurationPlatforms) = postSolution
		{CF5F3FD6-6964-4F20-ACE9-7CF41C24735A}.Debug|Any CPU.ActiveCfg = Debug|Any CPU
		{CF5F3FD6-6964-4F20-ACE9-7CF41C24735A}.Debug|Any CPU.Build.0 = Debug|Any CPU
		{CF5F3FD6-6964-4F20-ACE9-7CF41C24735A}.Release|Any CPU.ActiveCfg = Release|Any CPU
		{CF5F3FD6-6964-4F20-ACE9-7CF41C24735A}.Release|Any CPU.Build.0 = Release|Any CPU
		{1C1190CC-EDF1-4B62-AA19-B61D8880EFBF}.Debug|Any CPU.ActiveCfg = Debug|Any CPU
		{1C1190CC-EDF1-4B62-AA19-B61D8880EFBF}.Debug|Any CPU.Build.0 = Debug|Any CPU
		{1C1190CC-EDF1-4B62-AA19-B61D8880EFBF}.Release|Any CPU.ActiveCfg = Release|Any CPU
		{1C1190CC-EDF1-4B62-AA19-B61D8880EFBF}.Release|Any CPU.Build.0 = Release|Any CPU
	EndGlobalSection
	GlobalSection(SolutionProperties) = preSolution
		HideSolutionNode = FALSE
	EndGlobalSection
EndGlobal
